
Microsoft Visual Studio Solution File, Format Version 12.00
# Visual Studio Version 17
VisualStudioVersion = 17.4.33205.214
MinimumVisualStudioVersion = 10.0.40219.1
Project("{FAE04EC0-301F-11D3-BF4B-00C04F79EFBC}") = "UPassword", "UPassword\UPassword.csproj", "{8FF5278B-2016-4E8C-979B-84FCDACDF8C8}"
EndProject
Global
	GlobalSection(SolutionConfigurationPlatforms) = preSolution
		Debug|Any CPU = Debug|Any CPU
		Release|Any CPU = Release|Any CPU
	EndGlobalSection
	GlobalSection(ProjectConfigurationPlatforms) = postSolution
		{8FF5278B-2016-4E8C-979B-84FCDACDF8C8}.Debug|Any CPU.ActiveCfg = Debug|Any CPU
		{8FF5278B-2016-4E8C-979B-84FCDACDF8C8}.Debug|Any CPU.Build.0 = Debug|Any CPU
		{8FF5278B-2016-4E8C-979B-84FCDACDF8C8}.Release|Any CPU.ActiveCfg = Release|Any CPU
		{8FF5278B-2016-4E8C-979B-84FCDACDF8C8}.Release|Any CPU.Build.0 = Release|Any CPU
	EndGlobalSection
	GlobalSection(SolutionProperties) = preSolution
		HideSolutionNode = FALSE
	EndGlobalSection
	GlobalSection(ExtensibilityGlobals) = postSolution
		SolutionGuid = {B42E12E4-4E97-4957-8499-AEB1F96A2F12}
	EndGlobalSection
EndGlobal
